
Microsoft Visual Studio Solution File, Format Version 12.00
# Visual Studio Version 17
VisualStudioVersion = 17.8.34309.116
MinimumVisualStudioVersion = 10.0.40219.1
Project("{FAE04EC0-301F-11D3-BF4B-00C04F79EFBC}") = "Domain", "Domain\Domain.csproj", "{1080618F-7ABE-4917-A7EC-03275D303C7B}"
EndProject
Global
	GlobalSection(SolutionConfigurationPlatforms) = preSolution
		Debug|Any CPU = Debug|Any CPU
		Release|Any CPU = Release|Any CPU
	EndGlobalSection
	GlobalSection(ProjectConfigurationPlatforms) = postSolution
		{1080618F-7ABE-4917-A7EC-03275D303C7B}.Debug|Any CPU.ActiveCfg = Debug|Any CPU
		{1080618F-7ABE-4917-A7EC-03275D303C7B}.Debug|Any CPU.Build.0 = Debug|Any CPU
		{1080618F-7ABE-4917-A7EC-03275D303C7B}.Release|Any CPU.ActiveCfg = Release|Any CPU
		{1080618F-7ABE-4917-A7EC-03275D303C7B}.Release|Any CPU.Build.0 = Release|Any CPU
	EndGlobalSection
	GlobalSection(SolutionProperties) = preSolution
		HideSolutionNode = FALSE
	EndGlobalSection
	GlobalSection(ExtensibilityGlobals) = postSolution
		SolutionGuid = {39697818-D942-4552-B107-A0B494707816}
	EndGlobalSection
EndGlobal
